
Microsoft Visual Studio Solution File, Format Version 12.00
# Visual Studio Version 17
VisualStudioVersion = 17.13.35825.156 d17.13
MinimumVisualStudioVersion = 10.0.40219.1
Project("{FAE04EC0-301F-11D3-BF4B-00C04F79EFBC}") = "OperenciaManager", "OperenciaManager.csproj", "{29F9335E-F5A8-4252-B177-3882531C4545}"
EndProject
Global
	GlobalSection(SolutionConfigurationPlatforms) = preSolution
		Debug|Any CPU = Debug|Any CPU
		Release|Any CPU = Release|Any CPU
	EndGlobalSection
	GlobalSection(ProjectConfigurationPlatforms) = postSolution
		{29F9335E-F5A8-4252-B177-3882531C4545}.Debug|Any CPU.ActiveCfg = Debug|Any CPU
		{29F9335E-F5A8-4252-B177-3882531C4545}.Debug|Any CPU.Build.0 = Debug|Any CPU
		{29F9335E-F5A8-4252-B177-3882531C4545}.Release|Any CPU.ActiveCfg = Release|Any CPU
		{29F9335E-F5A8-4252-B177-3882531C4545}.Release|Any CPU.Build.0 = Release|Any CPU
	EndGlobalSection
	GlobalSection(SolutionProperties) = preSolution
		HideSolutionNode = FALSE
	EndGlobalSection
	GlobalSection(ExtensibilityGlobals) = postSolution
		SolutionGuid = {D90917AE-BE1F-4155-AB9E-3F0201576466}
	EndGlobalSection
EndGlobal
